
Microsoft Visual Studio Solution File, Format Version 12.00
# Visual Studio 2012
Project("{FAE04EC0-301F-11D3-BF4B-00C04F79EFBC}") = "EFIRE Interface Program", "EFIRE Interface Program\EFIRE Interface Program.csproj", "{B7439024-DC8B-4BB2-8035-7A0C773CA958}"
EndProject
Global
	GlobalSection(SolutionConfigurationPlatforms) = preSolution
		Debug|Any CPU = Debug|Any CPU
		Release|Any CPU = Release|Any CPU
	EndGlobalSection
	GlobalSection(ProjectConfigurationPlatforms) = postSolution
		{B7439024-DC8B-4BB2-8035-7A0C773CA958}.Debug|Any CPU.ActiveCfg = Debug|Any CPU
		{B7439024-DC8B-4BB2-8035-7A0C773CA958}.Debug|Any CPU.Build.0 = Debug|Any CPU
		{B7439024-DC8B-4BB2-8035-7A0C773CA958}.Release|Any CPU.ActiveCfg = Release|Any CPU
		{B7439024-DC8B-4BB2-8035-7A0C773CA958}.Release|Any CPU.Build.0 = Release|Any CPU
	EndGlobalSection
	GlobalSection(SolutionProperties) = preSolution
		HideSolutionNode = FALSE
	EndGlobalSection
EndGlobal
